{
  "version": "5",
  "specifiers": {
    "jsr:@hono/hono@^4.12.9": "4.12.9",
    "jsr:@valibot/valibot@^1.3.1": "1.3.1",
    "npm:@types/node@*": "18.16.19"
  },
  "jsr": {
    "@hono/hono@4.12.9": {
      "integrity": "53c2b0a721c1d782e6a347ad5bf15a3235ff624b98859c21f779b7ee2f5e040e"
    },
    "@valibot/valibot@1.3.1": {
      "integrity": "635faaec9d32a25efca7b4614e7a07306cc03937bfd0679e05530d31081bc501"
    }
  },
  "npm": {
    "@types/node@18.16.19": {
      "integrity": "sha512-IXl7o+R9iti9eBW4Wg2hx1xQDig183jj7YLn8F7udNceyfkbn1ZxmzZXuak20gR40D7pIkIY1kYGx5VIGbaHKA=="
    }
  },
  "workspace": {
    "dependencies": [
      "jsr:@hono/hono@^4.12.9",
      "jsr:@valibot/valibot@^1.3.1"
    ]
  }
}
